// !$*UTF8*$!
{
	archiveVersion = 1;
	classes = {
	};
	objectVersion = 50;
	objects = {

/* Begin PBXBuildFile section */
		04FCEC9C2463335000DF72FE /* AppDelegate.swift in Sources */ = {isa = PBXBuildFile; fileRef = 04FCEC9B2463335000DF72FE /* AppDelegate.swift */; };
		04FCEC9E2463335000DF72FE /* SceneDelegate.swift in Sources */ = {isa = PBXBuildFile; fileRef = 04FCEC9D2463335000DF72FE /* SceneDelegate.swift */; };
		04FCECA02463335000DF72FE /* ContentView.swift in Sources */ = {isa = PBXBuildFile; fileRef = 04FCEC9F2463335000DF72FE /* ContentView.swift */; };
		04FCECA22463335500DF72FE /* Assets.xcassets in Resources */ = {isa = PBXBuildFile; fileRef = 04FCECA12463335500DF72FE /* Assets.xcassets */; };
		04FCECA52463335500DF72FE /* Preview Assets.xcassets in Resources */ = {isa = PBXBuildFile; fileRef = 04FCECA42463335500DF72FE /* Preview Assets.xcassets */; };
		04FCECA82463335500DF72FE /* LaunchScreen.storyboard in Resources */ = {isa = PBXBuildFile; fileRef = 04FCECA62463335500DF72FE /* LaunchScreen.storyboard */; };
		04FCECB2246333DD00DF72FE /* MainView.swift in Sources */ = {isa = PBXBuildFile; fileRef = 04FCECB1246333DD00DF72FE /* MainView.swift */; };
		04FCECB4246333EF00DF72FE /* MainViewModel.swift in Sources */ = {isa = PBXBuildFile; fileRef = 04FCECB3246333EF00DF72FE /* MainViewModel.swift */; };
		04FCECB62463345700DF72FE /* SettingsView.swift in Sources */ = {isa = PBXBuildFile; fileRef = 04FCECB52463345700DF72FE /* SettingsView.swift */; };
		04FCECB82463346300DF72FE /* SettingsViewModel.swift in Sources */ = {isa = PBXBuildFile; fileRef = 04FCECB72463346300DF72FE /* SettingsViewModel.swift */; };
		04FCECBB246335A600DF72FE /* DetailViewModel.swift in Sources */ = {isa = PBXBuildFile; fileRef = 04FCECBA246335A600DF72FE /* DetailViewModel.swift */; };
		04FCECBD246335C200DF72FE /* DetailView.swift in Sources */ = {isa = PBXBuildFile; fileRef = 04FCECBC246335C200DF72FE /* DetailView.swift */; };
/* End PBXBuildFile section */

/* Begin PBXFileReference section */
		04FCEC982463335000DF72FE /* NavigationLinkTest.app */ = {isa = PBXFileReference; explicitFileType = wrapper.application; includeInIndex = 0; path = NavigationLinkTest.app; sourceTree = BUILT_PRODUCTS_DIR; };
		04FCEC9B2463335000DF72FE /* AppDelegate.swift */ = {isa = PBXFileReference; lastKnownFileType = sourcecode.swift; path = AppDelegate.swift; sourceTree = "<group>"; };
		04FCEC9D2463335000DF72FE /* SceneDelegate.swift */ = {isa = PBXFileReference; lastKnownFileType = sourcecode.swift; path = SceneDelegate.swift; sourceTree = "<group>"; };
		04FCEC9F2463335000DF72FE /* ContentView.swift */ = {isa = PBXFileReference; lastKnownFileType = sourcecode.swift; path = ContentView.swift; sourceTree = "<group>"; };
		04FCECA12463335500DF72FE /* Assets.xcassets */ = {isa = PBXFileReference; lastKnownFileType = folder.assetcatalog; path = Assets.xcassets; sourceTree = "<group>"; };
		04FCECA42463335500DF72FE /* Preview Assets.xcassets */ = {isa = PBXFileReference; lastKnownFileType = folder.assetcatalog; path = "Preview Assets.xcassets"; sourceTree = "<group>"; };
		04FCECA72463335500DF72FE /* Base */ = {isa = PBXFileReference; lastKnownFileType = file.storyboard; name = Base; path = Base.lproj/LaunchScreen.storyboard; sourceTree = "<group>"; };
		04FCECA92463335500DF72FE /* Info.plist */ = {isa = PBXFileReference; lastKnownFileType = text.plist.xml; path = Info.plist; sourceTree = "<group>"; };
		04FCECB1246333DD00DF72FE /* MainView.swift */ = {isa = PBXFileReference; lastKnownFileType = sourcecode.swift; path = MainView.swift; sourceTree = "<group>"; };
		04FCECB3246333EF00DF72FE /* MainViewModel.swift */ = {isa = PBXFileReference; lastKnownFileType = sourcecode.swift; path = MainViewModel.swift; sourceTree = "<group>"; };
		04FCECB52463345700DF72FE /* SettingsView.swift */ = {isa = PBXFileReference; lastKnownFileType = sourcecode.swift; path = SettingsView.swift; sourceTree = "<group>"; };
		04FCECB72463346300DF72FE /* SettingsViewModel.swift */ = {isa = PBXFileReference; lastKnownFileType = sourcecode.swift; path = SettingsViewModel.swift; sourceTree = "<group>"; };
		04FCECBA246335A600DF72FE /* DetailViewModel.swift */ = {isa = PBXFileReference; lastKnownFileType = sourcecode.swift; path = DetailViewModel.swift; sourceTree = "<group>"; };
		04FCECBC246335C200DF72FE /* DetailView.swift */ = {isa = PBXFileReference; lastKnownFileType = sourcecode.swift; path = DetailView.swift; sourceTree = "<group>"; };
/* End PBXFileReference section */

/* Begin PBXFrameworksBuildPhase section */
		04FCEC952463335000DF72FE /* Frameworks */ = {
			isa = PBXFrameworksBuildPhase;
			buildActionMask = 2147483647;
			files = (
			);
			runOnlyForDeploymentPostprocessing = 0;
		};
/* End PBXFrameworksBuildPhase section */

/* Begin PBXGroup section */
		04FCEC8F2463335000DF72FE = {
			isa = PBXGroup;
			children = (
				04FCEC9A2463335000DF72FE /* NavigationLinkTest */,
				04FCEC992463335000DF72FE /* Products */,
			);
			sourceTree = "<group>";
		};
		04FCEC992463335000DF72FE /* Products */ = {
			isa = PBXGroup;
			children = (
				04FCEC982463335000DF72FE /* NavigationLinkTest.app */,
			);
			name = Products;
			sourceTree = "<group>";
		};
		04FCEC9A2463335000DF72FE /* NavigationLinkTest */ = {
			isa = PBXGroup;
			children = (
				04FCECA92463335500DF72FE /* Info.plist */,
				04FCEC9B2463335000DF72FE /* AppDelegate.swift */,
				04FCEC9F2463335000DF72FE /* ContentView.swift */,
				04FCEC9D2463335000DF72FE /* SceneDelegate.swift */,
				04FCECA12463335500DF72FE /* Assets.xcassets */,
				04FCECB92463359800DF72FE /* Detail */,
				04FCECAF2463335D00DF72FE /* First */,
				04FCECA62463335500DF72FE /* LaunchScreen.storyboard */,
				04FCECA32463335500DF72FE /* Preview Content */,
				04FCECB02463336300DF72FE /* Second */,
			);
			path = NavigationLinkTest;
			sourceTree = "<group>";
		};
		04FCECA32463335500DF72FE /* Preview Content */ = {
			isa = PBXGroup;
			children = (
				04FCECA42463335500DF72FE /* Preview Assets.xcassets */,
			);
			path = "Preview Content";
			sourceTree = "<group>";
		};
		04FCECAF2463335D00DF72FE /* First */ = {
			isa = PBXGroup;
			children = (
				04FCECB1246333DD00DF72FE /* MainView.swift */,
				04FCECB3246333EF00DF72FE /* MainViewModel.swift */,
			);
			path = First;
			sourceTree = "<group>";
		};
		04FCECB02463336300DF72FE /* Second */ = {
			isa = PBXGroup;
			children = (
				04FCECB52463345700DF72FE /* SettingsView.swift */,
				04FCECB72463346300DF72FE /* SettingsViewModel.swift */,
			);
			path = Second;
			sourceTree = "<group>";
		};
		04FCECB92463359800DF72FE /* Detail */ = {
			isa = PBXGroup;
			children = (
				04FCECBA246335A600DF72FE /* DetailViewModel.swift */,
				04FCECBC246335C200DF72FE /* DetailView.swift */,
			);
			path = Detail;
			sourceTree = "<group>";
		};
/* End PBXGroup section */

/* Begin PBXNativeTarget section */
		04FCEC972463335000DF72FE /* NavigationLinkTest */ = {
			isa = PBXNativeTarget;
			buildConfigurationList = 04FCECAC2463335500DF72FE /* Build configuration list for PBXNativeTarget "NavigationLinkTest" */;
			buildPhases = (
				04FCEC942463335000DF72FE /* Sources */,
				04FCEC952463335000DF72FE /* Frameworks */,
				04FCEC962463335000DF72FE /* Resources */,
			);
			buildRules = (
			);
			dependencies = (
			);
			name = NavigationLinkTest;
			productName = NavigationLinkTest;
			productReference = 04FCEC982463335000DF72FE /* NavigationLinkTest.app */;
			productType = "com.apple.product-type.application";
		};
/* End PBXNativeTarget section */

/* Begin PBXProject section */
		04FCEC902463335000DF72FE /* Project object */ = {
			isa = PBXProject;
			attributes = {
				LastSwiftUpdateCheck = 1140;
				LastUpgradeCheck = 1140;
				ORGANIZATIONNAME = "Andrian Sergheev";
				TargetAttributes = {
					04FCEC972463335000DF72FE = {
						CreatedOnToolsVersion = 11.4.1;
					};
				};
			};
			buildConfigurationList = 04FCEC932463335000DF72FE /* Build configuration list for PBXProject "NavigationLinkTest" */;
			compatibilityVersion = "Xcode 9.3";
			developmentRegion = en;
			hasScannedForEncodings = 0;
			knownRegions = (
				en,
				Base,
			);
			mainGroup = 04FCEC8F2463335000DF72FE;
			productRefGroup = 04FCEC992463335000DF72FE /* Products */;
			projectDirPath = "";
			projectRoot = "";
			targets = (
				04FCEC972463335000DF72FE /* NavigationLinkTest */,
			);
		};
/* End PBXProject section */

/* Begin PBXResourcesBuildPhase section */
		04FCEC962463335000DF72FE /* Resources */ = {
			isa = PBXResourcesBuildPhase;
			buildActionMask = 2147483647;
			files = (
				04FCECA82463335500DF72FE /* LaunchScreen.storyboard in Resources */,
				04FCECA52463335500DF72FE /* Preview Assets.xcassets in Resources */,
				04FCECA22463335500DF72FE /* Assets.xcassets in Resources */,
			);
			runOnlyForDeploymentPostprocessing = 0;
		};
/* End PBXResourcesBuildPhase section */

/* Begin PBXSourcesBuildPhase section */
		04FCEC942463335000DF72FE /* Sources */ = {
			isa = PBXSourcesBuildPhase;
			buildActionMask = 2147483647;
			files = (
				04FCECB4246333EF00DF72FE /* MainViewModel.swift in Sources */,
				04FCECBD246335C200DF72FE /* DetailView.swift in Sources */,
				04FCEC9C2463335000DF72FE /* AppDelegate.swift in Sources */,
				04FCECB2246333DD00DF72FE /* MainView.swift in Sources */,
				04FCECB62463345700DF72FE /* SettingsView.swift in Sources */,
				04FCEC9E2463335000DF72FE /* SceneDelegate.swift in Sources */,
				04FCECA02463335000DF72FE /* ContentView.swift in Sources */,
				04FCECB82463346300DF72FE /* SettingsViewModel.swift in Sources */,
				04FCECBB246335A600DF72FE /* DetailViewModel.swift in Sources */,
			);
			runOnlyForDeploymentPostprocessing = 0;
		};
/* End PBXSourcesBuildPhase section */

/* Begin PBXVariantGroup section */
		04FCECA62463335500DF72FE /* LaunchScreen.storyboard */ = {
			isa = PBXVariantGroup;
			children = (
				04FCECA72463335500DF72FE /* Base */,
			);
			name = LaunchScreen.storyboard;
			sourceTree = "<group>";
		};
/* End PBXVariantGroup section */

/* Begin XCBuildConfiguration section */
		04FCECAA2463335500DF72FE /* Debug */ = {
			isa = XCBuildConfiguration;
			buildSettings = {
				ALWAYS_SEARCH_USER_PATHS = NO;
				CLANG_ANALYZER_NONNULL = YES;
				CLANG_ANALYZER_NUMBER_OBJECT_CONVERSION = YES_AGGRESSIVE;
				CLANG_CXX_LANGUAGE_STANDARD = "gnu++14";
				CLANG_CXX_LIBRARY = "libc++";
				CLANG_ENABLE_MODULES = YES;
				CLANG_ENABLE_OBJC_ARC = YES;
				CLANG_ENABLE_OBJC_WEAK = YES;
				CLANG_WARN_BLOCK_CAPTURE_AUTORELEASING = YES;
				CLANG_WARN_BOOL_CONVERSION = YES;
				CLANG_WARN_COMMA = YES;
				CLANG_WARN_CONSTANT_CONVERSION = YES;
				CLANG_WARN_DEPRECATED_OBJC_IMPLEMENTATIONS = YES;
				CLANG_WARN_DIRECT_OBJC_ISA_USAGE = YES_ERROR;
				CLANG_WARN_DOCUMENTATION_COMMENTS = YES;
				CLANG_WARN_EMPTY_BODY = YES;
				CLANG_WARN_ENUM_CONVERSION = YES;
				CLANG_WARN_INFINITE_RECURSION = YES;
				CLANG_WARN_INT_CONVERSION = YES;
				CLANG_WARN_NON_LITERAL_NULL_CONVERSION = YES;
				CLANG_WARN_OBJC_IMPLICIT_RETAIN_SELF = YES;
				CLANG_WARN_OBJC_LITERAL_CONVERSION = YES;
				CLANG_WARN_OBJC_ROOT_CLASS = YES_ERROR;
				CLANG_WARN_RANGE_LOOP_ANALYSIS = YES;
				CLANG_WARN_STRICT_PROTOTYPES = YES;
				CLANG_WARN_SUSPICIOUS_MOVE = YES;
				CLANG_WARN_UNGUARDED_AVAILABILITY = YES_AGGRESSIVE;
				CLANG_WARN_UNREACHABLE_CODE = YES;
				CLANG_WARN__DUPLICATE_METHOD_MATCH = YES;
				COPY_PHASE_STRIP = NO;
				DEBUG_INFORMATION_FORMAT = dwarf;
				ENABLE_STRICT_OBJC_MSGSEND = YES;
				ENABLE_TESTABILITY = YES;
				GCC_C_LANGUAGE_STANDARD = gnu11;
				GCC_DYNAMIC_NO_PIC = NO;
				GCC_NO_COMMON_BLOCKS = YES;
				GCC_OPTIMIZATION_LEVEL = 0;
				GCC_PREPROCESSOR_DEFINITIONS = (
					"DEBUG=1",
					"$(inherited)",
				);
				GCC_WARN_64_TO_32_BIT_CONVERSION = YES;
				GCC_WARN_ABOUT_RETURN_TYPE = YES_ERROR;
				GCC_WARN_UNDECLARED_SELECTOR = YES;
				GCC_WARN_UNINITIALIZED_AUTOS = YES_AGGRESSIVE;
				GCC_WARN_UNUSED_FUNCTION = YES;
				GCC_WARN_UNUSED_VARIABLE = YES;
				IPHONEOS_DEPLOYMENT_TARGET = 13.4;
				MTL_ENABLE_DEBUG_INFO = INCLUDE_SOURCE;
				MTL_FAST_MATH = YES;
				ONLY_ACTIVE_ARCH = YES;
				SDKROOT = iphoneos;
				SWIFT_ACTIVE_COMPILATION_CONDITIONS = DEBUG;
				SWIFT_OPTIMIZATION_LEVEL = "-Onone";
			};
			name = Debug;
		};
		04FCECAB2463335500DF72FE /* Release */ = {
			isa = XCBuildConfiguration;
			buildSettings = {
				ALWAYS_SEARCH_USER_PATHS = NO;
				CLANG_ANALYZER_NONNULL = YES;
				CLANG_ANALYZER_NUMBER_OBJECT_CONVERSION = YES_AGGRESSIVE;
				CLANG_CXX_LANGUAGE_STANDARD = "gnu++14";
				CLANG_CXX_LIBRARY = "libc++";
				CLANG_ENABLE_MODULES = YES;
				CLANG_ENABLE_OBJC_ARC = YES;
				CLANG_ENABLE_OBJC_WEAK = YES;
				CLANG_WARN_BLOCK_CAPTURE_AUTORELEASING = YES;
				CLANG_WARN_BOOL_CONVERSION = YES;
				CLANG_WARN_COMMA = YES;
				CLANG_WARN_CONSTANT_CONVERSION = YES;
				CLANG_WARN_DEPRECATED_OBJC_IMPLEMENTATIONS = YES;
				CLANG_WARN_DIRECT_OBJC_ISA_USAGE = YES_ERROR;
				CLANG_WARN_DOCUMENTATION_COMMENTS = YES;
				CLANG_WARN_EMPTY_BODY = YES;
				CLANG_WARN_ENUM_CONVERSION = YES;
				CLANG_WARN_INFINITE_RECURSION = YES;
				CLANG_WARN_INT_CONVERSION = YES;
				CLANG_WARN_NON_LITERAL_NULL_CONVERSION = YES;
				CLANG_WARN_OBJC_IMPLICIT_RETAIN_SELF = YES;
				CLANG_WARN_OBJC_LITERAL_CONVERSION = YES;
				CLANG_WARN_OBJC_ROOT_CLASS = YES_ERROR;
				CLANG_WARN_RANGE_LOOP_ANALYSIS = YES;
				CLANG_WARN_STRICT_PROTOTYPES = YES;
				CLANG_WARN_SUSPICIOUS_MOVE = YES;
				CLANG_WARN_UNGUARDED_AVAILABILITY = YES_AGGRESSIVE;
				CLANG_WARN_UNREACHABLE_CODE = YES;
				CLANG_WARN__DUPLICATE_METHOD_MATCH = YES;
				COPY_PHASE_STRIP = NO;
				DEBUG_INFORMATION_FORMAT = "dwarf-with-dsym";
				ENABLE_NS_ASSERTIONS = NO;
				ENABLE_STRICT_OBJC_MSGSEND = YES;
				GCC_C_LANGUAGE_STANDARD = gnu11;
				GCC_NO_COMMON_BLOCKS = YES;
				GCC_WARN_64_TO_32_BIT_CONVERSION = YES;
				GCC_WARN_ABOUT_RETURN_TYPE = YES_ERROR;
				GCC_WARN_UNDECLARED_SELECTOR = YES;
				GCC_WARN_UNINITIALIZED_AUTOS = YES_AGGRESSIVE;
				GCC_WARN_UNUSED_FUNCTION = YES;
				GCC_WARN_UNUSED_VARIABLE = YES;
				IPHONEOS_DEPLOYMENT_TARGET = 13.4;
				MTL_ENABLE_DEBUG_INFO = NO;
				MTL_FAST_MATH = YES;
				SDKROOT = iphoneos;
				SWIFT_COMPILATION_MODE = wholemodule;
				SWIFT_OPTIMIZATION_LEVEL = "-O";
				VALIDATE_PRODUCT = YES;
			};
			name = Release;
		};
		04FCECAD2463335500DF72FE /* Debug */ = {
			isa = XCBuildConfiguration;
			buildSettings = {
				ASSETCATALOG_COMPILER_APPICON_NAME = AppIcon;
				CODE_SIGN_STYLE = Automatic;
				DEVELOPMENT_ASSET_PATHS = "\"NavigationLinkTest/Preview Content\"";
				DEVELOPMENT_TEAM = SZ6SDPY725;
				ENABLE_PREVIEWS = YES;
				INFOPLIST_FILE = NavigationLinkTest/Info.plist;
				LD_RUNPATH_SEARCH_PATHS = (
					"$(inherited)",
					"@executable_path/Frameworks",
				);
				PRODUCT_BUNDLE_IDENTIFIER = "com.blue-red.NavigationLinkTest";
				PRODUCT_NAME = "$(TARGET_NAME)";
				SWIFT_VERSION = 5.0;
				TARGETED_DEVICE_FAMILY = "1,2";
			};
			name = Debug;
		};
		04FCECAE2463335500DF72FE /* Release */ = {
			isa = XCBuildConfiguration;
			buildSettings = {
				ASSETCATALOG_COMPILER_APPICON_NAME = AppIcon;
				CODE_SIGN_STYLE = Automatic;
				DEVELOPMENT_ASSET_PATHS = "\"NavigationLinkTest/Preview Content\"";
				DEVELOPMENT_TEAM = SZ6SDPY725;
				ENABLE_PREVIEWS = YES;
				INFOPLIST_FILE = NavigationLinkTest/Info.plist;
				LD_RUNPATH_SEARCH_PATHS = (
					"$(inherited)",
					"@executable_path/Frameworks",
				);
				PRODUCT_BUNDLE_IDENTIFIER = "com.blue-red.NavigationLinkTest";
				PRODUCT_NAME = "$(TARGET_NAME)";
				SWIFT_VERSION = 5.0;
				TARGETED_DEVICE_FAMILY = "1,2";
			};
			name = Release;
		};
/* End XCBuildConfiguration section */

/* Begin XCConfigurationList section */
		04FCEC932463335000DF72FE /* Build configuration list for PBXProject "NavigationLinkTest" */ = {
			isa = XCConfigurationList;
			buildConfigurations = (
				04FCECAA2463335500DF72FE /* Debug */,
				04FCECAB2463335500DF72FE /* Release */,
			);
			defaultConfigurationIsVisible = 0;
			defaultConfigurationName = Release;
		};
		04FCECAC2463335500DF72FE /* Build configuration list for PBXNativeTarget "NavigationLinkTest" */ = {
			isa = XCConfigurationList;
			buildConfigurations = (
				04FCECAD2463335500DF72FE /* Debug */,
				04FCECAE2463335500DF72FE /* Release */,
			);
			defaultConfigurationIsVisible = 0;
			defaultConfigurationName = Release;
		};
/* End XCConfigurationList section */
	};
	rootObject = 04FCEC902463335000DF72FE /* Project object */;
}
